
Microsoft Visual Studio Solution File, Format Version 12.00
# Visual Studio Version 16
VisualStudioVersion = 16.0.30114.105
MinimumVisualStudioVersion = 10.0.40219.1
Project("{FAE04EC0-301F-11D3-BF4B-00C04F79EFBC}") = "provider", "src\provider.csproj", "{6DA19689-C52B-4990-BCC9-C7835633DE25}"
EndProject
Project("{FAE04EC0-301F-11D3-BF4B-00C04F79EFBC}") = "tests", "tests\tests.csproj", "{A1777AAD-7FD9-4BE0-AC91-9D05A6F5BF2B}"
EndProject
Global
	GlobalSection(SolutionConfigurationPlatforms) = preSolution
		Debug|Any CPU = Debug|Any CPU
		Release|Any CPU = Release|Any CPU
	EndGlobalSection
	GlobalSection(SolutionProperties) = preSolution
		HideSolutionNode = FALSE
	EndGlobalSection
	GlobalSection(ProjectConfigurationPlatforms) = postSolution
		{6DA19689-C52B-4990-BCC9-C7835633DE25}.Debug|Any CPU.ActiveCfg = Debug|Any CPU
		{6DA19689-C52B-4990-BCC9-C7835633DE25}.Debug|Any CPU.Build.0 = Debug|Any CPU
		{6DA19689-C52B-4990-BCC9-C7835633DE25}.Release|Any CPU.ActiveCfg = Release|Any CPU
		{6DA19689-C52B-4990-BCC9-C7835633DE25}.Release|Any CPU.Build.0 = Release|Any CPU
		{A1777AAD-7FD9-4BE0-AC91-9D05A6F5BF2B}.Debug|Any CPU.ActiveCfg = Debug|Any CPU
		{A1777AAD-7FD9-4BE0-AC91-9D05A6F5BF2B}.Debug|Any CPU.Build.0 = Debug|Any CPU
		{A1777AAD-7FD9-4BE0-AC91-9D05A6F5BF2B}.Release|Any CPU.ActiveCfg = Release|Any CPU
		{A1777AAD-7FD9-4BE0-AC91-9D05A6F5BF2B}.Release|Any CPU.Build.0 = Release|Any CPU
	EndGlobalSection
EndGlobal
